
Microsoft Visual Studio Solution File, Format Version 12.00
# Visual Studio 2013
VisualStudioVersion = 12.0.31101.0
MinimumVisualStudioVersion = 10.0.40219.1
Project("{FAE04EC0-301F-11D3-BF4B-00C04F79EFBC}") = "v0._1", "v0.1\v0._1.csproj", "{FC87758C-7E38-4FCA-A6FD-F067CC485A23}"
EndProject
Project("{FAE04EC0-301F-11D3-BF4B-00C04F79EFBC}") = "v0._1.Tests", "v0._1.Tests\v0._1.Tests.csproj", "{636F5EA2-0C83-4733-8FD1-117E9E6B4578}"
EndProject
Global
	GlobalSection(SolutionConfigurationPlatforms) = preSolution
		Debug|Any CPU = Debug|Any CPU
		Release|Any CPU = Release|Any CPU
	EndGlobalSection
	GlobalSection(ProjectConfigurationPlatforms) = postSolution
		{FC87758C-7E38-4FCA-A6FD-F067CC485A23}.Debug|Any CPU.ActiveCfg = Debug|Any CPU
		{FC87758C-7E38-4FCA-A6FD-F067CC485A23}.Debug|Any CPU.Build.0 = Debug|Any CPU
		{FC87758C-7E38-4FCA-A6FD-F067CC485A23}.Release|Any CPU.ActiveCfg = Release|Any CPU
		{FC87758C-7E38-4FCA-A6FD-F067CC485A23}.Release|Any CPU.Build.0 = Release|Any CPU
		{636F5EA2-0C83-4733-8FD1-117E9E6B4578}.Debug|Any CPU.ActiveCfg = Debug|Any CPU
		{636F5EA2-0C83-4733-8FD1-117E9E6B4578}.Debug|Any CPU.Build.0 = Debug|Any CPU
		{636F5EA2-0C83-4733-8FD1-117E9E6B4578}.Release|Any CPU.ActiveCfg = Release|Any CPU
		{636F5EA2-0C83-4733-8FD1-117E9E6B4578}.Release|Any CPU.Build.0 = Release|Any CPU
	EndGlobalSection
	GlobalSection(SolutionProperties) = preSolution
		HideSolutionNode = FALSE
	EndGlobalSection
EndGlobal
